# This file is generated by running "yarn install" inside your project.
# Manual changes might be lost - proceed with caution!

__metadata:
  version: 8
  cacheKey: 10c0

"@highlite/plugin-api@workspace:.":
  version: 0.0.0-use.local
  resolution: "@highlite/plugin-api@workspace:."
  dependencies:
    acorn: "npm:^8.15.0"
    acorn-walk: "npm:^8.3.4"
    idb: "npm:^8.0.3"
    typescript: "npm:^5.8.3"
  languageName: unknown
  linkType: soft

"acorn-walk@npm:^8.3.4":
  version: 8.3.4
  resolution: "acorn-walk@npm:8.3.4"
  dependencies:
    acorn: "npm:^8.11.0"
  checksum: 10c0/76537ac5fb2c37a64560feaf3342023dadc086c46da57da363e64c6148dc21b57d49ace26f949e225063acb6fb441eabffd89f7a3066de5ad37ab3e328927c62
  languageName: node
  linkType: hard

"acorn@npm:^8.11.0, acorn@npm:^8.15.0":
  version: 8.15.0
  resolution: "acorn@npm:8.15.0"
  bin:
    acorn: bin/acorn
  checksum: 10c0/dec73ff59b7d6628a01eebaece7f2bdb8bb62b9b5926dcad0f8931f2b8b79c2be21f6c68ac095592adb5adb15831a3635d9343e6a91d028bbe85d564875ec3ec
  languageName: node
  linkType: hard

"idb@npm:^8.0.3":
  version: 8.0.3
  resolution: "idb@npm:8.0.3"
  checksum: 10c0/421cd9a3281b7564528857031cc33fd9e95753f8191e483054cb25d1ceea7303a0d1462f4f69f5b41606f0f066156999e067478abf2460dfcf9cab80dae2a2b2
  languageName: node
  linkType: hard

"typescript@npm:^5.8.3":
  version: 5.8.3
  resolution: "typescript@npm:5.8.3"
  bin:
    tsc: bin/tsc
    tsserver: bin/tsserver
  checksum: 10c0/5f8bb01196e542e64d44db3d16ee0e4063ce4f3e3966df6005f2588e86d91c03e1fb131c2581baf0fb65ee79669eea6e161cd448178986587e9f6844446dbb48
  languageName: node
  linkType: hard

"typescript@patch:typescript@npm%3A^5.8.3#optional!builtin<compat/typescript>":
  version: 5.8.3
  resolution: "typescript@patch:typescript@npm%3A5.8.3#optional!builtin<compat/typescript>::version=5.8.3&hash=5786d5"
  bin:
    tsc: bin/tsc
    tsserver: bin/tsserver
  checksum: 10c0/39117e346ff8ebd87ae1510b3a77d5d92dae5a89bde588c747d25da5c146603a99c8ee588c7ef80faaf123d89ed46f6dbd918d534d641083177d5fac38b8a1cb
  languageName: node
  linkType: hard
